
Microsoft Visual Studio Solution File, Format Version 12.00
# Visual Studio Version 16
VisualStudioVersion = 16.0.31729.503
MinimumVisualStudioVersion = 10.0.40219.1
Project("{FAE04EC0-301F-11D3-BF4B-00C04F79EFBC}") = "hotel", "hotel\hotel.csproj", "{D1EE6714-AB8D-4296-88DF-079E0E400FAF}"
EndProject
Global
	GlobalSection(SolutionConfigurationPlatforms) = preSolution
		Debug|Any CPU = Debug|Any CPU
		Release|Any CPU = Release|Any CPU
	EndGlobalSection
	GlobalSection(ProjectConfigurationPlatforms) = postSolution
		{D1EE6714-AB8D-4296-88DF-079E0E400FAF}.Debug|Any CPU.ActiveCfg = Debug|Any CPU
		{D1EE6714-AB8D-4296-88DF-079E0E400FAF}.Debug|Any CPU.Build.0 = Debug|Any CPU
		{D1EE6714-AB8D-4296-88DF-079E0E400FAF}.Release|Any CPU.ActiveCfg = Release|Any CPU
		{D1EE6714-AB8D-4296-88DF-079E0E400FAF}.Release|Any CPU.Build.0 = Release|Any CPU
	EndGlobalSection
	GlobalSection(SolutionProperties) = preSolution
		HideSolutionNode = FALSE
	EndGlobalSection
	GlobalSection(ExtensibilityGlobals) = postSolution
		SolutionGuid = {6FC9E37E-AD3B-43D5-B2D4-C86035BDD980}
	EndGlobalSection
EndGlobal
